
Microsoft Visual Studio Solution File, Format Version 12.00
# Visual Studio 15
VisualStudioVersion = 15.0.26228.4
MinimumVisualStudioVersion = 10.0.40219.1
Project("{FAE04EC0-301F-11D3-BF4B-00C04F79EFBC}") = "SerializerTests", "SerializerTests.csproj", "{337C6F7B-B5D3-4243-A23A-D7D5DBCD3127}"
EndProject
Global
	GlobalSection(SolutionConfigurationPlatforms) = preSolution
		Debug|Any CPU = Debug|Any CPU
		Release|Any CPU = Release|Any CPU
	EndGlobalSection
	GlobalSection(ProjectConfigurationPlatforms) = postSolution
		{337C6F7B-B5D3-4243-A23A-D7D5DBCD3127}.Debug|Any CPU.ActiveCfg = Debug|Any CPU
		{337C6F7B-B5D3-4243-A23A-D7D5DBCD3127}.Debug|Any CPU.Build.0 = Debug|Any CPU
		{337C6F7B-B5D3-4243-A23A-D7D5DBCD3127}.Release|Any CPU.ActiveCfg = Release|Any CPU
		{337C6F7B-B5D3-4243-A23A-D7D5DBCD3127}.Release|Any CPU.Build.0 = Release|Any CPU
	EndGlobalSection
	GlobalSection(SolutionProperties) = preSolution
		HideSolutionNode = FALSE
	EndGlobalSection
	GlobalSection(ExtensibilityGlobals) = postSolution
		SolutionGuid = {88267FA3-7A6F-456E-8235-B1B9559E8A38}
	EndGlobalSection
EndGlobal
