
Microsoft Visual Studio Solution File, Format Version 12.00
# Visual Studio Version 17
VisualStudioVersion = 17.4.33103.184
MinimumVisualStudioVersion = 10.0.40219.1
Project("{9A19103F-16F7-4668-BE54-9A1E7A4F7556}") = "SerializerTests", "SerializerTests.csproj", "{337C6F7B-B5D3-4243-A23A-D7D5DBCD3127}"
EndProject
Project("{2150E333-8FDC-42A3-9474-1A3956D46DE8}") = "Solution Items", "Solution Items", "{8746701D-0895-4CC9-B967-77920AA2CC00}"
	ProjectSection(SolutionItems) = preProject
		.editorconfig = .editorconfig
	EndProjectSection
EndProject
Global
	GlobalSection(SolutionConfigurationPlatforms) = preSolution
		Debug|Any CPU = Debug|Any CPU
		Release|Any CPU = Release|Any CPU
	EndGlobalSection
	GlobalSection(ProjectConfigurationPlatforms) = postSolution
		{337C6F7B-B5D3-4243-A23A-D7D5DBCD3127}.Debug|Any CPU.ActiveCfg = Debug|Any CPU
		{337C6F7B-B5D3-4243-A23A-D7D5DBCD3127}.Debug|Any CPU.Build.0 = Debug|Any CPU
		{337C6F7B-B5D3-4243-A23A-D7D5DBCD3127}.Release|Any CPU.ActiveCfg = Release|Any CPU
		{337C6F7B-B5D3-4243-A23A-D7D5DBCD3127}.Release|Any CPU.Build.0 = Release|Any CPU
	EndGlobalSection
	GlobalSection(SolutionProperties) = preSolution
		HideSolutionNode = FALSE
	EndGlobalSection
	GlobalSection(ExtensibilityGlobals) = postSolution
		SolutionGuid = {88267FA3-7A6F-456E-8235-B1B9559E8A38}
	EndGlobalSection
EndGlobal
